
Microsoft Visual Studio Solution File, Format Version 12.00
# Visual Studio Version 17
VisualStudioVersion = 17.2.32616.157
MinimumVisualStudioVersion = 10.0.40219.1
Project("{FAE04EC0-301F-11D3-BF4B-00C04F79EFBC}") = "DpsCamera", "DpsCamera.csproj", "{84016BB9-84F2-4750-A72D-667CB74D1A7C}"
EndProject
Global
	GlobalSection(SolutionConfigurationPlatforms) = preSolution
		Debug|Any CPU = Debug|Any CPU
		Release|Any CPU = Release|Any CPU
	EndGlobalSection
	GlobalSection(ProjectConfigurationPlatforms) = postSolution
		{84016BB9-84F2-4750-A72D-667CB74D1A7C}.Debug|Any CPU.ActiveCfg = Debug|Any CPU
		{84016BB9-84F2-4750-A72D-667CB74D1A7C}.Debug|Any CPU.Build.0 = Debug|Any CPU
		{84016BB9-84F2-4750-A72D-667CB74D1A7C}.Release|Any CPU.ActiveCfg = Release|Any CPU
		{84016BB9-84F2-4750-A72D-667CB74D1A7C}.Release|Any CPU.Build.0 = Release|Any CPU
	EndGlobalSection
	GlobalSection(SolutionProperties) = preSolution
		HideSolutionNode = FALSE
	EndGlobalSection
	GlobalSection(ExtensibilityGlobals) = postSolution
		SolutionGuid = {E0C75790-2662-4E10-A1B0-DEE7C5756437}
	EndGlobalSection
EndGlobal
